
Microsoft Visual Studio Solution File, Format Version 12.00
Project("{FAE04EC0-301F-11D3-BF4B-00C04F79EFBC}") = "CrudUsuarios.API", "API\CrudUsuarios.API\CrudUsuarios.API.csproj", "{B461AB84-F7A7-4BF2-A17C-7C3FA337380F}"
EndProject
Project("{FAE04EC0-301F-11D3-BF4B-00C04F79EFBC}") = "CrudUsuarios.Domain", "Domain\CrudUsuarios.Domain\CrudUsuarios.Domain.csproj", "{9D0339D3-2CF5-400F-8FCA-97E115B72171}"
EndProject
Project("{2150E333-8FDC-42A3-9474-1A3956D46DE8}") = "API", "API", "{C1AA9A63-0590-45FA-ADC9-408090D6BEB7}"
EndProject
Project("{2150E333-8FDC-42A3-9474-1A3956D46DE8}") = "Domain", "Domain", "{989489F7-82A5-4A08-BDC0-8FA57D597050}"
EndProject
Global
	GlobalSection(SolutionConfigurationPlatforms) = preSolution
		Debug|Any CPU = Debug|Any CPU
		Release|Any CPU = Release|Any CPU
	EndGlobalSection
	GlobalSection(ProjectConfigurationPlatforms) = postSolution
		{B461AB84-F7A7-4BF2-A17C-7C3FA337380F}.Debug|Any CPU.ActiveCfg = Debug|Any CPU
		{B461AB84-F7A7-4BF2-A17C-7C3FA337380F}.Debug|Any CPU.Build.0 = Debug|Any CPU
		{B461AB84-F7A7-4BF2-A17C-7C3FA337380F}.Release|Any CPU.ActiveCfg = Release|Any CPU
		{B461AB84-F7A7-4BF2-A17C-7C3FA337380F}.Release|Any CPU.Build.0 = Release|Any CPU
		{9D0339D3-2CF5-400F-8FCA-97E115B72171}.Debug|Any CPU.ActiveCfg = Debug|Any CPU
		{9D0339D3-2CF5-400F-8FCA-97E115B72171}.Debug|Any CPU.Build.0 = Debug|Any CPU
		{9D0339D3-2CF5-400F-8FCA-97E115B72171}.Release|Any CPU.ActiveCfg = Release|Any CPU
		{9D0339D3-2CF5-400F-8FCA-97E115B72171}.Release|Any CPU.Build.0 = Release|Any CPU
	EndGlobalSection
	GlobalSection(NestedProjects) = preSolution
		{B461AB84-F7A7-4BF2-A17C-7C3FA337380F} = {C1AA9A63-0590-45FA-ADC9-408090D6BEB7}
		{9D0339D3-2CF5-400F-8FCA-97E115B72171} = {989489F7-82A5-4A08-BDC0-8FA57D597050}
	EndGlobalSection
EndGlobal
